// !$*UTF8*$!
{
	archiveVersion = 1;
	classes = {
	};
	objectVersion = 56;
	objects = {

/* Begin PBXBuildFile section */
		84911D9A2A7821F200F18F70 /* AppDelegate.swift in Sources */ = {isa = PBXBuildFile; fileRef = 84911D992A7821F200F18F70 /* AppDelegate.swift */; };
		84911D9C2A7821F200F18F70 /* SceneDelegate.swift in Sources */ = {isa = PBXBuildFile; fileRef = 84911D9B2A7821F200F18F70 /* SceneDelegate.swift */; };
		84911D9E2A7821F200F18F70 /* ImageListViewController.swift in Sources */ = {isa = PBXBuildFile; fileRef = 84911D9D2A7821F200F18F70 /* ImageListViewController.swift */; };
		84911DA12A7821F200F18F70 /* Main.storyboard in Resources */ = {isa = PBXBuildFile; fileRef = 84911D9F2A7821F200F18F70 /* Main.storyboard */; };
		84911DA32A7821F400F18F70 /* Assets.xcassets in Resources */ = {isa = PBXBuildFile; fileRef = 84911DA22A7821F400F18F70 /* Assets.xcassets */; };
		84911DA62A7821F400F18F70 /* LaunchScreen.storyboard in Resources */ = {isa = PBXBuildFile; fileRef = 84911DA42A7821F400F18F70 /* LaunchScreen.storyboard */; };
		84911DCE2A7E661700F18F70 /* ImageListCell.swift in Sources */ = {isa = PBXBuildFile; fileRef = 84911DCD2A7E661700F18F70 /* ImageListCell.swift */; };
		84911DD22A7F977B00F18F70 /* DateFormatter.swift in Sources */ = {isa = PBXBuildFile; fileRef = 84911DD12A7F977B00F18F70 /* DateFormatter.swift */; };
		84911DD82A7FC72400F18F70 /* YS Display-Medium.ttf in Resources */ = {isa = PBXBuildFile; fileRef = 84911DD52A7FC72300F18F70 /* YS Display-Medium.ttf */; };
		84911DD92A7FC72400F18F70 /* YS Display-Bold.ttf in Resources */ = {isa = PBXBuildFile; fileRef = 84911DD62A7FC72300F18F70 /* YS Display-Bold.ttf */; };
		84911DDA2A7FC72400F18F70 /* YS Regular.ttf in Resources */ = {isa = PBXBuildFile; fileRef = 84911DD72A7FC72400F18F70 /* YS Regular.ttf */; };
		849469962A87BDB00027C012 /* ProfileViewController.swift in Sources */ = {isa = PBXBuildFile; fileRef = 849469952A87BDB00027C012 /* ProfileViewController.swift */; };
		849469992A8BEBFD0027C012 /* SingleImageViewController.swift in Sources */ = {isa = PBXBuildFile; fileRef = 849469982A8BEBFD0027C012 /* SingleImageViewController.swift */; };
		8494699B2A93D6420027C012 /* UIColor+Extension.swift in Sources */ = {isa = PBXBuildFile; fileRef = 8494699A2A93D6420027C012 /* UIColor+Extension.swift */; };
		8494699D2A9FB2260027C012 /* AuthConfiguration.swift in Sources */ = {isa = PBXBuildFile; fileRef = 8494699C2A9FB2260027C012 /* AuthConfiguration.swift */; };
		849469A02AA518890027C012 /* AuthViewController.swift in Sources */ = {isa = PBXBuildFile; fileRef = 8494699F2AA518890027C012 /* AuthViewController.swift */; };
		849469A22AA519860027C012 /* WebViewViewController.swift in Sources */ = {isa = PBXBuildFile; fileRef = 849469A12AA519860027C012 /* WebViewViewController.swift */; };
		849469A52AA8F8740027C012 /* OAuthTokenResponseBody.swift in Sources */ = {isa = PBXBuildFile; fileRef = 849469A42AA8F8740027C012 /* OAuthTokenResponseBody.swift */; };
		849469A72AA8FA8C0027C012 /* OAuth2Service.swift in Sources */ = {isa = PBXBuildFile; fileRef = 849469A62AA8FA8C0027C012 /* OAuth2Service.swift */; };
		849469A92AAA488A0027C012 /* OAuth2TokenStorage.swift in Sources */ = {isa = PBXBuildFile; fileRef = 849469A82AAA488A0027C012 /* OAuth2TokenStorage.swift */; };
		849469AC2AAA54440027C012 /* SplashViewController.swift in Sources */ = {isa = PBXBuildFile; fileRef = 849469AB2AAA54440027C012 /* SplashViewController.swift */; };
		849469AF2AB0E61F0027C012 /* ProgressHUD in Frameworks */ = {isa = PBXBuildFile; productRef = 849469AE2AB0E61F0027C012 /* ProgressHUD */; };
		849469B12AB391E40027C012 /* UIBlockingProgressHUD.swift in Sources */ = {isa = PBXBuildFile; fileRef = 849469B02AB391E40027C012 /* UIBlockingProgressHUD.swift */; };
		849469B32AB8C8D90027C012 /* ProfileService.swift in Sources */ = {isa = PBXBuildFile; fileRef = 849469B22AB8C8D90027C012 /* ProfileService.swift */; };
		849469B52AB8CAC40027C012 /* ProfileResult.swift in Sources */ = {isa = PBXBuildFile; fileRef = 849469B42AB8CAC40027C012 /* ProfileResult.swift */; };
		849469B72AB8CD4E0027C012 /* Profile.swift in Sources */ = {isa = PBXBuildFile; fileRef = 849469B62AB8CD4E0027C012 /* Profile.swift */; };
		849469B92AB8D2920027C012 /* URLSession + Extension.swift in Sources */ = {isa = PBXBuildFile; fileRef = 849469B82AB8D2920027C012 /* URLSession + Extension.swift */; };
		849469BB2ABA095E0027C012 /* ProfileImageService.swift in Sources */ = {isa = PBXBuildFile; fileRef = 849469BA2ABA095E0027C012 /* ProfileImageService.swift */; };
		849469BD2ABA0A720027C012 /* UserResult.swift in Sources */ = {isa = PBXBuildFile; fileRef = 849469BC2ABA0A720027C012 /* UserResult.swift */; };
		849469C02ABA366D0027C012 /* Kingfisher in Frameworks */ = {isa = PBXBuildFile; productRef = 849469BF2ABA366D0027C012 /* Kingfisher */; };
		849469C32ABB619C0027C012 /* SwiftKeychainWrapper in Frameworks */ = {isa = PBXBuildFile; productRef = 849469C22ABB619C0027C012 /* SwiftKeychainWrapper */; };
		849469C62ABB64DD0027C012 /* TabBarController.swift in Sources */ = {isa = PBXBuildFile; fileRef = 849469C52ABB64DD0027C012 /* TabBarController.swift */; };
		849469C82AC3517F0027C012 /* PhotoResult.swift in Sources */ = {isa = PBXBuildFile; fileRef = 849469C72AC3517F0027C012 /* PhotoResult.swift */; };
		849469CA2AC355F20027C012 /* ImageListService.swift in Sources */ = {isa = PBXBuildFile; fileRef = 849469C92AC355F20027C012 /* ImageListService.swift */; };
		849469D92ACB5FC00027C012 /* Array + Extension.swift in Sources */ = {isa = PBXBuildFile; fileRef = 849469D82ACB5FC00027C012 /* Array + Extension.swift */; };
		84C193772ADD54B800DD8B62 /* WebViewPresenter.swift in Sources */ = {isa = PBXBuildFile; fileRef = 84C193762ADD54B800DD8B62 /* WebViewPresenter.swift */; };
		84C193792ADD636C00DD8B62 /* AuthHelper.swift in Sources */ = {isa = PBXBuildFile; fileRef = 84C193782ADD636C00DD8B62 /* AuthHelper.swift */; };
		84C193812ADD68C800DD8B62 /* WebViewTests.swift in Sources */ = {isa = PBXBuildFile; fileRef = 84C193802ADD68C800DD8B62 /* WebViewTests.swift */; };
		84C193882ADD6F7200DD8B62 /* WebViewPresenterSpy.swift in Sources */ = {isa = PBXBuildFile; fileRef = 84C193872ADD6F7200DD8B62 /* WebViewPresenterSpy.swift */; };
		84C1938A2ADD726100DD8B62 /* WebViewViewControllerSpy.swift in Sources */ = {isa = PBXBuildFile; fileRef = 84C193892ADD726100DD8B62 /* WebViewViewControllerSpy.swift */; };
		84C193922ADD8E0400DD8B62 /* ImageFeed_iosUITests.swift in Sources */ = {isa = PBXBuildFile; fileRef = 84C193912ADD8E0400DD8B62 /* ImageFeed_iosUITests.swift */; };
		84C193942ADD8E0400DD8B62 /* ImageFeed_iosUITestsLaunchTests.swift in Sources */ = {isa = PBXBuildFile; fileRef = 84C193932ADD8E0400DD8B62 /* ImageFeed_iosUITestsLaunchTests.swift */; };
		84C1939B2ADEB10700DD8B62 /* ProfileViewPresenter.swift in Sources */ = {isa = PBXBuildFile; fileRef = 84C1939A2ADEB10700DD8B62 /* ProfileViewPresenter.swift */; };
		84C1939D2ADED62D00DD8B62 /* ProfileViewTests.swift in Sources */ = {isa = PBXBuildFile; fileRef = 84C1939C2ADED62D00DD8B62 /* ProfileViewTests.swift */; };
		84C1939F2ADED6E100DD8B62 /* ProfileViewPresenterSpy.swift in Sources */ = {isa = PBXBuildFile; fileRef = 84C1939E2ADED6E100DD8B62 /* ProfileViewPresenterSpy.swift */; };
		84C193A12ADEE01B00DD8B62 /* ProfileViewControllerSpy.swift in Sources */ = {isa = PBXBuildFile; fileRef = 84C193A02ADEE01B00DD8B62 /* ProfileViewControllerSpy.swift */; };
		84C193A32ADFF26500DD8B62 /* ImageListPresenter.swift in Sources */ = {isa = PBXBuildFile; fileRef = 84C193A22ADFF26500DD8B62 /* ImageListPresenter.swift */; };
		84C193A52AE003CB00DD8B62 /* ImageListViewTests.swift in Sources */ = {isa = PBXBuildFile; fileRef = 84C193A42AE003CB00DD8B62 /* ImageListViewTests.swift */; };
		84C193A72AE003EE00DD8B62 /* ImageListPresenterSpy.swift in Sources */ = {isa = PBXBuildFile; fileRef = 84C193A62AE003EE00DD8B62 /* ImageListPresenterSpy.swift */; };
/* End PBXBuildFile section */

/* Begin PBXContainerItemProxy section */
		849469D32AC36F380027C012 /* PBXContainerItemProxy */ = {
			isa = PBXContainerItemProxy;
			containerPortal = 84911D8E2A7821F200F18F70 /* Project object */;
			proxyType = 1;
			remoteGlobalIDString = 84911D952A7821F200F18F70;
			remoteInfo = "ImageFeed-ios";
		};
		84C193822ADD68C800DD8B62 /* PBXContainerItemProxy */ = {
			isa = PBXContainerItemProxy;
			containerPortal = 84911D8E2A7821F200F18F70 /* Project object */;
			proxyType = 1;
			remoteGlobalIDString = 84911D952A7821F200F18F70;
			remoteInfo = "ImageFeed-ios";
		};
		84C193952ADD8E0400DD8B62 /* PBXContainerItemProxy */ = {
			isa = PBXContainerItemProxy;
			containerPortal = 84911D8E2A7821F200F18F70 /* Project object */;
			proxyType = 1;
			remoteGlobalIDString = 84911D952A7821F200F18F70;
			remoteInfo = "ImageFeed-ios";
		};
/* End PBXContainerItemProxy section */

/* Begin PBXFileReference section */
		84911D962A7821F200F18F70 /* ImageFeed-ios.app */ = {isa = PBXFileReference; explicitFileType = wrapper.application; includeInIndex = 0; path = "ImageFeed-ios.app"; sourceTree = BUILT_PRODUCTS_DIR; };
		84911D992A7821F200F18F70 /* AppDelegate.swift */ = {isa = PBXFileReference; lastKnownFileType = sourcecode.swift; path = AppDelegate.swift; sourceTree = "<group>"; };
		84911D9B2A7821F200F18F70 /* SceneDelegate.swift */ = {isa = PBXFileReference; lastKnownFileType = sourcecode.swift; path = SceneDelegate.swift; sourceTree = "<group>"; };
		84911D9D2A7821F200F18F70 /* ImageListViewController.swift */ = {isa = PBXFileReference; lastKnownFileType = sourcecode.swift; path = ImageListViewController.swift; sourceTree = "<group>"; };
		84911DA02A7821F200F18F70 /* Base */ = {isa = PBXFileReference; lastKnownFileType = file.storyboard; name = Base; path = Base.lproj/Main.storyboard; sourceTree = "<group>"; };
		84911DA22A7821F400F18F70 /* Assets.xcassets */ = {isa = PBXFileReference; lastKnownFileType = folder.assetcatalog; path = Assets.xcassets; sourceTree = "<group>"; };
		84911DA52A7821F400F18F70 /* Base */ = {isa = PBXFileReference; lastKnownFileType = file.storyboard; name = Base; path = Base.lproj/LaunchScreen.storyboard; sourceTree = "<group>"; };
		84911DA72A7821F400F18F70 /* Info.plist */ = {isa = PBXFileReference; lastKnownFileType = text.plist.xml; path = Info.plist; sourceTree = "<group>"; };
		84911DCD2A7E661700F18F70 /* ImageListCell.swift */ = {isa = PBXFileReference; lastKnownFileType = sourcecode.swift; path = ImageListCell.swift; sourceTree = "<group>"; };
		84911DD12A7F977B00F18F70 /* DateFormatter.swift */ = {isa = PBXFileReference; lastKnownFileType = sourcecode.swift; path = DateFormatter.swift; sourceTree = "<group>"; };
		84911DD52A7FC72300F18F70 /* YS Display-Medium.ttf */ = {isa = PBXFileReference; lastKnownFileType = file; path = "YS Display-Medium.ttf"; sourceTree = "<group>"; };
		84911DD62A7FC72300F18F70 /* YS Display-Bold.ttf */ = {isa = PBXFileReference; lastKnownFileType = file; path = "YS Display-Bold.ttf"; sourceTree = "<group>"; };
		84911DD72A7FC72400F18F70 /* YS Regular.ttf */ = {isa = PBXFileReference; lastKnownFileType = file; path = "YS Regular.ttf"; sourceTree = "<group>"; };
		849469952A87BDB00027C012 /* ProfileViewController.swift */ = {isa = PBXFileReference; lastKnownFileType = sourcecode.swift; path = ProfileViewController.swift; sourceTree = "<group>"; };
		849469982A8BEBFD0027C012 /* SingleImageViewController.swift */ = {isa = PBXFileReference; lastKnownFileType = sourcecode.swift; path = SingleImageViewController.swift; sourceTree = "<group>"; };
		8494699A2A93D6420027C012 /* UIColor+Extension.swift */ = {isa = PBXFileReference; lastKnownFileType = sourcecode.swift; path = "UIColor+Extension.swift"; sourceTree = "<group>"; };
		8494699C2A9FB2260027C012 /* AuthConfiguration.swift */ = {isa = PBXFileReference; lastKnownFileType = sourcecode.swift; path = AuthConfiguration.swift; sourceTree = "<group>"; };
		8494699F2AA518890027C012 /* AuthViewController.swift */ = {isa = PBXFileReference; lastKnownFileType = sourcecode.swift; path = AuthViewController.swift; sourceTree = "<group>"; };
		849469A12AA519860027C012 /* WebViewViewController.swift */ = {isa = PBXFileReference; lastKnownFileType = sourcecode.swift; path = WebViewViewController.swift; sourceTree = "<group>"; };
		849469A42AA8F8740027C012 /* OAuthTokenResponseBody.swift */ = {isa = PBXFileReference; lastKnownFileType = sourcecode.swift; path = OAuthTokenResponseBody.swift; sourceTree = "<group>"; };
		849469A62AA8FA8C0027C012 /* OAuth2Service.swift */ = {isa = PBXFileReference; lastKnownFileType = sourcecode.swift; path = OAuth2Service.swift; sourceTree = "<group>"; };
		849469A82AAA488A0027C012 /* OAuth2TokenStorage.swift */ = {isa = PBXFileReference; lastKnownFileType = sourcecode.swift; path = OAuth2TokenStorage.swift; sourceTree = "<group>"; };
		849469AB2AAA54440027C012 /* SplashViewController.swift */ = {isa = PBXFileReference; lastKnownFileType = sourcecode.swift; path = SplashViewController.swift; sourceTree = "<group>"; };
		849469B02AB391E40027C012 /* UIBlockingProgressHUD.swift */ = {isa = PBXFileReference; lastKnownFileType = sourcecode.swift; path = UIBlockingProgressHUD.swift; sourceTree = "<group>"; };
		849469B22AB8C8D90027C012 /* ProfileService.swift */ = {isa = PBXFileReference; lastKnownFileType = sourcecode.swift; path = ProfileService.swift; sourceTree = "<group>"; };
		849469B42AB8CAC40027C012 /* ProfileResult.swift */ = {isa = PBXFileReference; lastKnownFileType = sourcecode.swift; path = ProfileResult.swift; sourceTree = "<group>"; };
		849469B62AB8CD4E0027C012 /* Profile.swift */ = {isa = PBXFileReference; lastKnownFileType = sourcecode.swift; path = Profile.swift; sourceTree = "<group>"; };
		849469B82AB8D2920027C012 /* URLSession + Extension.swift */ = {isa = PBXFileReference; lastKnownFileType = sourcecode.swift; path = "URLSession + Extension.swift"; sourceTree = "<group>"; };
		849469BA2ABA095E0027C012 /* ProfileImageService.swift */ = {isa = PBXFileReference; lastKnownFileType = sourcecode.swift; path = ProfileImageService.swift; sourceTree = "<group>"; };
		849469BC2ABA0A720027C012 /* UserResult.swift */ = {isa = PBXFileReference; lastKnownFileType = sourcecode.swift; path = UserResult.swift; sourceTree = "<group>"; };
		849469C52ABB64DD0027C012 /* TabBarController.swift */ = {isa = PBXFileReference; lastKnownFileType = sourcecode.swift; path = TabBarController.swift; sourceTree = "<group>"; };
		849469C72AC3517F0027C012 /* PhotoResult.swift */ = {isa = PBXFileReference; lastKnownFileType = sourcecode.swift; path = PhotoResult.swift; sourceTree = "<group>"; };
		849469C92AC355F20027C012 /* ImageListService.swift */ = {isa = PBXFileReference; lastKnownFileType = sourcecode.swift; path = ImageListService.swift; sourceTree = "<group>"; };
		849469CF2AC36F380027C012 /* ImageFeed-iosTests.xctest */ = {isa = PBXFileReference; explicitFileType = wrapper.cfbundle; includeInIndex = 0; path = "ImageFeed-iosTests.xctest"; sourceTree = BUILT_PRODUCTS_DIR; };
		849469D82ACB5FC00027C012 /* Array + Extension.swift */ = {isa = PBXFileReference; lastKnownFileType = sourcecode.swift; path = "Array + Extension.swift"; sourceTree = "<group>"; };
		84C193762ADD54B800DD8B62 /* WebViewPresenter.swift */ = {isa = PBXFileReference; lastKnownFileType = sourcecode.swift; path = WebViewPresenter.swift; sourceTree = "<group>"; };
		84C193782ADD636C00DD8B62 /* AuthHelper.swift */ = {isa = PBXFileReference; lastKnownFileType = sourcecode.swift; path = AuthHelper.swift; sourceTree = "<group>"; };
		84C1937E2ADD68C800DD8B62 /* ImageFeed_iosTests.xctest */ = {isa = PBXFileReference; explicitFileType = wrapper.cfbundle; includeInIndex = 0; path = ImageFeed_iosTests.xctest; sourceTree = BUILT_PRODUCTS_DIR; };
		84C193802ADD68C800DD8B62 /* WebViewTests.swift */ = {isa = PBXFileReference; lastKnownFileType = sourcecode.swift; path = WebViewTests.swift; sourceTree = "<group>"; };
		84C193872ADD6F7200DD8B62 /* WebViewPresenterSpy.swift */ = {isa = PBXFileReference; lastKnownFileType = sourcecode.swift; path = WebViewPresenterSpy.swift; sourceTree = "<group>"; };
		84C193892ADD726100DD8B62 /* WebViewViewControllerSpy.swift */ = {isa = PBXFileReference; lastKnownFileType = sourcecode.swift; path = WebViewViewControllerSpy.swift; sourceTree = "<group>"; };
		84C1938F2ADD8E0400DD8B62 /* ImageFeed-iosUITests.xctest */ = {isa = PBXFileReference; explicitFileType = wrapper.cfbundle; includeInIndex = 0; path = "ImageFeed-iosUITests.xctest"; sourceTree = BUILT_PRODUCTS_DIR; };
		84C193912ADD8E0400DD8B62 /* ImageFeed_iosUITests.swift */ = {isa = PBXFileReference; lastKnownFileType = sourcecode.swift; path = ImageFeed_iosUITests.swift; sourceTree = "<group>"; };
		84C193932ADD8E0400DD8B62 /* ImageFeed_iosUITestsLaunchTests.swift */ = {isa = PBXFileReference; lastKnownFileType = sourcecode.swift; path = ImageFeed_iosUITestsLaunchTests.swift; sourceTree = "<group>"; };
		84C1939A2ADEB10700DD8B62 /* ProfileViewPresenter.swift */ = {isa = PBXFileReference; lastKnownFileType = sourcecode.swift; path = ProfileViewPresenter.swift; sourceTree = "<group>"; };
		84C1939C2ADED62D00DD8B62 /* ProfileViewTests.swift */ = {isa = PBXFileReference; lastKnownFileType = sourcecode.swift; path = ProfileViewTests.swift; sourceTree = "<group>"; };
		84C1939E2ADED6E100DD8B62 /* ProfileViewPresenterSpy.swift */ = {isa = PBXFileReference; lastKnownFileType = sourcecode.swift; path = ProfileViewPresenterSpy.swift; sourceTree = "<group>"; };
		84C193A02ADEE01B00DD8B62 /* ProfileViewControllerSpy.swift */ = {isa = PBXFileReference; lastKnownFileType = sourcecode.swift; path = ProfileViewControllerSpy.swift; sourceTree = "<group>"; };
		84C193A22ADFF26500DD8B62 /* ImageListPresenter.swift */ = {isa = PBXFileReference; lastKnownFileType = sourcecode.swift; path = ImageListPresenter.swift; sourceTree = "<group>"; };
		84C193A42AE003CB00DD8B62 /* ImageListViewTests.swift */ = {isa = PBXFileReference; lastKnownFileType = sourcecode.swift; path = ImageListViewTests.swift; sourceTree = "<group>"; };
		84C193A62AE003EE00DD8B62 /* ImageListPresenterSpy.swift */ = {isa = PBXFileReference; lastKnownFileType = sourcecode.swift; path = ImageListPresenterSpy.swift; sourceTree = "<group>"; };
/* End PBXFileReference section */

/* Begin PBXFrameworksBuildPhase section */
		84911D932A7821F200F18F70 /* Frameworks */ = {
			isa = PBXFrameworksBuildPhase;
			buildActionMask = 2147483647;
			files = (
				849469C02ABA366D0027C012 /* Kingfisher in Frameworks */,
				849469AF2AB0E61F0027C012 /* ProgressHUD in Frameworks */,
				849469C32ABB619C0027C012 /* SwiftKeychainWrapper in Frameworks */,
			);
			runOnlyForDeploymentPostprocessing = 0;
		};
		849469CC2AC36F380027C012 /* Frameworks */ = {
			isa = PBXFrameworksBuildPhase;
			buildActionMask = 2147483647;
			files = (
			);
			runOnlyForDeploymentPostprocessing = 0;
		};
		84C1937B2ADD68C800DD8B62 /* Frameworks */ = {
			isa = PBXFrameworksBuildPhase;
			buildActionMask = 2147483647;
			files = (
			);
			runOnlyForDeploymentPostprocessing = 0;
		};
		84C1938C2ADD8E0400DD8B62 /* Frameworks */ = {
			isa = PBXFrameworksBuildPhase;
			buildActionMask = 2147483647;
			files = (
			);
			runOnlyForDeploymentPostprocessing = 0;
		};
/* End PBXFrameworksBuildPhase section */

/* Begin PBXGroup section */
		84911D8D2A7821F200F18F70 = {
			isa = PBXGroup;
			children = (
				84911D982A7821F200F18F70 /* ImageFeed-ios */,
				84C1937F2ADD68C800DD8B62 /* ImageFeed_iosTests */,
				84C193902ADD8E0400DD8B62 /* ImageFeed-iosUITests */,
				84911D972A7821F200F18F70 /* Products */,
			);
			sourceTree = "<group>";
		};
		84911D972A7821F200F18F70 /* Products */ = {
			isa = PBXGroup;
			children = (
				84911D962A7821F200F18F70 /* ImageFeed-ios.app */,
				849469CF2AC36F380027C012 /* ImageFeed-iosTests.xctest */,
				84C1937E2ADD68C800DD8B62 /* ImageFeed_iosTests.xctest */,
				84C1938F2ADD8E0400DD8B62 /* ImageFeed-iosUITests.xctest */,
			);
			name = Products;
			sourceTree = "<group>";
		};
		84911D982A7821F200F18F70 /* ImageFeed-ios */ = {
			isa = PBXGroup;
			children = (
				84911D992A7821F200F18F70 /* AppDelegate.swift */,
				84911D9B2A7821F200F18F70 /* SceneDelegate.swift */,
				84911D9F2A7821F200F18F70 /* Main.storyboard */,
				849469A32AA8F8300027C012 /* Models */,
				849469C42ABB64A10027C012 /* TabBar */,
				849469AA2AAA54020027C012 /* SplashView */,
				8494699E2AA518640027C012 /* Auth */,
				849469972A8BEBCB0027C012 /* SingleImage */,
				849469942A87BD920027C012 /* Profile */,
				84911DCF2A7E662700F18F70 /* ImageList */,
				84911DD02A7F975800F18F70 /* Helpers */,
				84911DD32A7F97DB00F18F70 /* Resources */,
			);
			path = "ImageFeed-ios";
			sourceTree = "<group>";
		};
		84911DCF2A7E662700F18F70 /* ImageList */ = {
			isa = PBXGroup;
			children = (
				84911D9D2A7821F200F18F70 /* ImageListViewController.swift */,
				84C193A22ADFF26500DD8B62 /* ImageListPresenter.swift */,
				84911DCD2A7E661700F18F70 /* ImageListCell.swift */,
				849469C92AC355F20027C012 /* ImageListService.swift */,
			);
			path = ImageList;
			sourceTree = "<group>";
		};
		84911DD02A7F975800F18F70 /* Helpers */ = {
			isa = PBXGroup;
			children = (
				84C193782ADD636C00DD8B62 /* AuthHelper.swift */,
				84911DD12A7F977B00F18F70 /* DateFormatter.swift */,
				849469B02AB391E40027C012 /* UIBlockingProgressHUD.swift */,
				8494699A2A93D6420027C012 /* UIColor+Extension.swift */,
				849469D82ACB5FC00027C012 /* Array + Extension.swift */,
				849469B82AB8D2920027C012 /* URLSession + Extension.swift */,
			);
			path = Helpers;
			sourceTree = "<group>";
		};
		84911DD32A7F97DB00F18F70 /* Resources */ = {
			isa = PBXGroup;
			children = (
				84911DD42A7FC5D200F18F70 /* Fonts */,
				84911DA22A7821F400F18F70 /* Assets.xcassets */,
				84911DA42A7821F400F18F70 /* LaunchScreen.storyboard */,
				84911DA72A7821F400F18F70 /* Info.plist */,
			);
			path = Resources;
			sourceTree = "<group>";
		};
		84911DD42A7FC5D200F18F70 /* Fonts */ = {
			isa = PBXGroup;
			children = (
				84911DD62A7FC72300F18F70 /* YS Display-Bold.ttf */,
				84911DD52A7FC72300F18F70 /* YS Display-Medium.ttf */,
				84911DD72A7FC72400F18F70 /* YS Regular.ttf */,
			);
			path = Fonts;
			sourceTree = "<group>";
		};
		849469942A87BD920027C012 /* Profile */ = {
			isa = PBXGroup;
			children = (
				849469952A87BDB00027C012 /* ProfileViewController.swift */,
				84C1939A2ADEB10700DD8B62 /* ProfileViewPresenter.swift */,
				849469BA2ABA095E0027C012 /* ProfileImageService.swift */,
				849469B22AB8C8D90027C012 /* ProfileService.swift */,
			);
			path = Profile;
			sourceTree = "<group>";
		};
		849469972A8BEBCB0027C012 /* SingleImage */ = {
			isa = PBXGroup;
			children = (
				849469982A8BEBFD0027C012 /* SingleImageViewController.swift */,
			);
			path = SingleImage;
			sourceTree = "<group>";
		};
		8494699E2AA518640027C012 /* Auth */ = {
			isa = PBXGroup;
			children = (
				8494699F2AA518890027C012 /* AuthViewController.swift */,
				849469A12AA519860027C012 /* WebViewViewController.swift */,
				84C193762ADD54B800DD8B62 /* WebViewPresenter.swift */,
				849469A62AA8FA8C0027C012 /* OAuth2Service.swift */,
				849469A82AAA488A0027C012 /* OAuth2TokenStorage.swift */,
			);
			path = Auth;
			sourceTree = "<group>";
		};
		849469A32AA8F8300027C012 /* Models */ = {
			isa = PBXGroup;
			children = (
				8494699C2A9FB2260027C012 /* AuthConfiguration.swift */,
				849469A42AA8F8740027C012 /* OAuthTokenResponseBody.swift */,
				849469B42AB8CAC40027C012 /* ProfileResult.swift */,
				849469B62AB8CD4E0027C012 /* Profile.swift */,
				849469BC2ABA0A720027C012 /* UserResult.swift */,
				849469C72AC3517F0027C012 /* PhotoResult.swift */,
			);
			path = Models;
			sourceTree = "<group>";
		};
		849469AA2AAA54020027C012 /* SplashView */ = {
			isa = PBXGroup;
			children = (
				849469AB2AAA54440027C012 /* SplashViewController.swift */,
			);
			path = SplashView;
			sourceTree = "<group>";
		};
		849469C42ABB64A10027C012 /* TabBar */ = {
			isa = PBXGroup;
			children = (
				849469C52ABB64DD0027C012 /* TabBarController.swift */,
			);
			path = TabBar;
			sourceTree = "<group>";
		};
		84C1937F2ADD68C800DD8B62 /* ImageFeed_iosTests */ = {
			isa = PBXGroup;
			children = (
				84C193A42AE003CB00DD8B62 /* ImageListViewTests.swift */,
				84C193A62AE003EE00DD8B62 /* ImageListPresenterSpy.swift */,
				84C1939C2ADED62D00DD8B62 /* ProfileViewTests.swift */,
				84C1939E2ADED6E100DD8B62 /* ProfileViewPresenterSpy.swift */,
				84C193A02ADEE01B00DD8B62 /* ProfileViewControllerSpy.swift */,
				84C193802ADD68C800DD8B62 /* WebViewTests.swift */,
				84C193872ADD6F7200DD8B62 /* WebViewPresenterSpy.swift */,
				84C193892ADD726100DD8B62 /* WebViewViewControllerSpy.swift */,
			);
			path = ImageFeed_iosTests;
			sourceTree = "<group>";
		};
		84C193902ADD8E0400DD8B62 /* ImageFeed-iosUITests */ = {
			isa = PBXGroup;
			children = (
				84C193912ADD8E0400DD8B62 /* ImageFeed_iosUITests.swift */,
				84C193932ADD8E0400DD8B62 /* ImageFeed_iosUITestsLaunchTests.swift */,
			);
			path = "ImageFeed-iosUITests";
			sourceTree = "<group>";
		};
/* End PBXGroup section */

/* Begin PBXNativeTarget section */
		84911D952A7821F200F18F70 /* ImageFeed-ios */ = {
			isa = PBXNativeTarget;
			buildConfigurationList = 84911DAA2A7821F400F18F70 /* Build configuration list for PBXNativeTarget "ImageFeed-ios" */;
			buildPhases = (
				84911D922A7821F200F18F70 /* Sources */,
				84911D932A7821F200F18F70 /* Frameworks */,
				84911D942A7821F200F18F70 /* Resources */,
			);
			buildRules = (
			);
			dependencies = (
			);
			name = "ImageFeed-ios";
			packageProductDependencies = (
				849469AE2AB0E61F0027C012 /* ProgressHUD */,
				849469BF2ABA366D0027C012 /* Kingfisher */,
				849469C22ABB619C0027C012 /* SwiftKeychainWrapper */,
			);
			productName = "ImageFeed-ios";
			productReference = 84911D962A7821F200F18F70 /* ImageFeed-ios.app */;
			productType = "com.apple.product-type.application";
		};
		849469CE2AC36F380027C012 /* ImageFeed-iosTests */ = {
			isa = PBXNativeTarget;
			buildConfigurationList = 849469D52AC36F380027C012 /* Build configuration list for PBXNativeTarget "ImageFeed-iosTests" */;
			buildPhases = (
				849469CB2AC36F380027C012 /* Sources */,
				849469CC2AC36F380027C012 /* Frameworks */,
				849469CD2AC36F380027C012 /* Resources */,
			);
			buildRules = (
			);
			dependencies = (
				849469D42AC36F380027C012 /* PBXTargetDependency */,
			);
			name = "ImageFeed-iosTests";
			productName = "ImageFeed-iosTests";
			productReference = 849469CF2AC36F380027C012 /* ImageFeed-iosTests.xctest */;
			productType = "com.apple.product-type.bundle.unit-test";
		};
		84C1937D2ADD68C800DD8B62 /* ImageFeed_iosTests */ = {
			isa = PBXNativeTarget;
			buildConfigurationList = 84C193842ADD68C800DD8B62 /* Build configuration list for PBXNativeTarget "ImageFeed_iosTests" */;
			buildPhases = (
				84C1937A2ADD68C800DD8B62 /* Sources */,
				84C1937B2ADD68C800DD8B62 /* Frameworks */,
				84C1937C2ADD68C800DD8B62 /* Resources */,
			);
			buildRules = (
			);
			dependencies = (
				84C193832ADD68C800DD8B62 /* PBXTargetDependency */,
			);
			name = ImageFeed_iosTests;
			productName = ImageFeed_iosTests;
			productReference = 84C1937E2ADD68C800DD8B62 /* ImageFeed_iosTests.xctest */;
			productType = "com.apple.product-type.bundle.unit-test";
		};
		84C1938E2ADD8E0400DD8B62 /* ImageFeed-iosUITests */ = {
			isa = PBXNativeTarget;
			buildConfigurationList = 84C193992ADD8E0400DD8B62 /* Build configuration list for PBXNativeTarget "ImageFeed-iosUITests" */;
			buildPhases = (
				84C1938B2ADD8E0400DD8B62 /* Sources */,
				84C1938C2ADD8E0400DD8B62 /* Frameworks */,
				84C1938D2ADD8E0400DD8B62 /* Resources */,
			);
			buildRules = (
			);
			dependencies = (
				84C193962ADD8E0400DD8B62 /* PBXTargetDependency */,
			);
			name = "ImageFeed-iosUITests";
			productName = "ImageFeed-iosUITests";
			productReference = 84C1938F2ADD8E0400DD8B62 /* ImageFeed-iosUITests.xctest */;
			productType = "com.apple.product-type.bundle.ui-testing";
		};
/* End PBXNativeTarget section */

/* Begin PBXProject section */
		84911D8E2A7821F200F18F70 /* Project object */ = {
			isa = PBXProject;
			attributes = {
				BuildIndependentTargetsInParallel = 1;
				LastSwiftUpdateCheck = 1430;
				LastUpgradeCheck = 1430;
				TargetAttributes = {
					84911D952A7821F200F18F70 = {
						CreatedOnToolsVersion = 14.3.1;
					};
					849469CE2AC36F380027C012 = {
						CreatedOnToolsVersion = 14.3.1;
						TestTargetID = 84911D952A7821F200F18F70;
					};
					84C1937D2ADD68C800DD8B62 = {
						CreatedOnToolsVersion = 14.3.1;
						TestTargetID = 84911D952A7821F200F18F70;
					};
					84C1938E2ADD8E0400DD8B62 = {
						CreatedOnToolsVersion = 14.3.1;
						TestTargetID = 84911D952A7821F200F18F70;
					};
				};
			};
			buildConfigurationList = 84911D912A7821F200F18F70 /* Build configuration list for PBXProject "ImageFeed-ios" */;
			compatibilityVersion = "Xcode 14.0";
			developmentRegion = en;
			hasScannedForEncodings = 0;
			knownRegions = (
				en,
				Base,
			);
			mainGroup = 84911D8D2A7821F200F18F70;
			packageReferences = (
				849469AD2AB0E61F0027C012 /* XCRemoteSwiftPackageReference "ProgressHUD" */,
				849469BE2ABA366C0027C012 /* XCRemoteSwiftPackageReference "Kingfisher" */,
				849469C12ABB619C0027C012 /* XCRemoteSwiftPackageReference "SwiftKeychainWrapper" */,
			);
			productRefGroup = 84911D972A7821F200F18F70 /* Products */;
			projectDirPath = "";
			projectRoot = "";
			targets = (
				84911D952A7821F200F18F70 /* ImageFeed-ios */,
				849469CE2AC36F380027C012 /* ImageFeed-iosTests */,
				84C1937D2ADD68C800DD8B62 /* ImageFeed_iosTests */,
				84C1938E2ADD8E0400DD8B62 /* ImageFeed-iosUITests */,
			);
		};
/* End PBXProject section */

/* Begin PBXResourcesBuildPhase section */
		84911D942A7821F200F18F70 /* Resources */ = {
			isa = PBXResourcesBuildPhase;
			buildActionMask = 2147483647;
			files = (
				84911DDA2A7FC72400F18F70 /* YS Regular.ttf in Resources */,
				84911DA62A7821F400F18F70 /* LaunchScreen.storyboard in Resources */,
				84911DD82A7FC72400F18F70 /* YS Display-Medium.ttf in Resources */,
				84911DD92A7FC72400F18F70 /* YS Display-Bold.ttf in Resources */,
				84911DA32A7821F400F18F70 /* Assets.xcassets in Resources */,
				84911DA12A7821F200F18F70 /* Main.storyboard in Resources */,
			);
			runOnlyForDeploymentPostprocessing = 0;
		};
		849469CD2AC36F380027C012 /* Resources */ = {
			isa = PBXResourcesBuildPhase;
			buildActionMask = 2147483647;
			files = (
			);
			runOnlyForDeploymentPostprocessing = 0;
		};
		84C1937C2ADD68C800DD8B62 /* Resources */ = {
			isa = PBXResourcesBuildPhase;
			buildActionMask = 2147483647;
			files = (
			);
			runOnlyForDeploymentPostprocessing = 0;
		};
		84C1938D2ADD8E0400DD8B62 /* Resources */ = {
			isa = PBXResourcesBuildPhase;
			buildActionMask = 2147483647;
			files = (
			);
			runOnlyForDeploymentPostprocessing = 0;
		};
/* End PBXResourcesBuildPhase section */

/* Begin PBXSourcesBuildPhase section */
		84911D922A7821F200F18F70 /* Sources */ = {
			isa = PBXSourcesBuildPhase;
			buildActionMask = 2147483647;
			files = (
				849469962A87BDB00027C012 /* ProfileViewController.swift in Sources */,
				84911D9E2A7821F200F18F70 /* ImageListViewController.swift in Sources */,
				849469A72AA8FA8C0027C012 /* OAuth2Service.swift in Sources */,
				84C1939B2ADEB10700DD8B62 /* ProfileViewPresenter.swift in Sources */,
				849469B12AB391E40027C012 /* UIBlockingProgressHUD.swift in Sources */,
				849469A52AA8F8740027C012 /* OAuthTokenResponseBody.swift in Sources */,
				84C193792ADD636C00DD8B62 /* AuthHelper.swift in Sources */,
				849469C62ABB64DD0027C012 /* TabBarController.swift in Sources */,
				849469A02AA518890027C012 /* AuthViewController.swift in Sources */,
				84911DCE2A7E661700F18F70 /* ImageListCell.swift in Sources */,
				849469B32AB8C8D90027C012 /* ProfileService.swift in Sources */,
				849469A92AAA488A0027C012 /* OAuth2TokenStorage.swift in Sources */,
				849469CA2AC355F20027C012 /* ImageListService.swift in Sources */,
				849469A22AA519860027C012 /* WebViewViewController.swift in Sources */,
				849469B92AB8D2920027C012 /* URLSession + Extension.swift in Sources */,
				849469BD2ABA0A720027C012 /* UserResult.swift in Sources */,
				849469992A8BEBFD0027C012 /* SingleImageViewController.swift in Sources */,
				849469AC2AAA54440027C012 /* SplashViewController.swift in Sources */,
				84911D9A2A7821F200F18F70 /* AppDelegate.swift in Sources */,
				84911DD22A7F977B00F18F70 /* DateFormatter.swift in Sources */,
				849469BB2ABA095E0027C012 /* ProfileImageService.swift in Sources */,
				84C193772ADD54B800DD8B62 /* WebViewPresenter.swift in Sources */,
				84911D9C2A7821F200F18F70 /* SceneDelegate.swift in Sources */,
				8494699B2A93D6420027C012 /* UIColor+Extension.swift in Sources */,
				849469B72AB8CD4E0027C012 /* Profile.swift in Sources */,
				849469C82AC3517F0027C012 /* PhotoResult.swift in Sources */,
				84C193A32ADFF26500DD8B62 /* ImageListPresenter.swift in Sources */,
				849469B52AB8CAC40027C012 /* ProfileResult.swift in Sources */,
				8494699D2A9FB2260027C012 /* AuthConfiguration.swift in Sources */,
				849469D92ACB5FC00027C012 /* Array + Extension.swift in Sources */,
			);
			runOnlyForDeploymentPostprocessing = 0;
		};
		849469CB2AC36F380027C012 /* Sources */ = {
			isa = PBXSourcesBuildPhase;
			buildActionMask = 2147483647;
			files = (
			);
			runOnlyForDeploymentPostprocessing = 0;
		};
		84C1937A2ADD68C800DD8B62 /* Sources */ = {
			isa = PBXSourcesBuildPhase;
			buildActionMask = 2147483647;
			files = (
				84C1939D2ADED62D00DD8B62 /* ProfileViewTests.swift in Sources */,
				84C193A72AE003EE00DD8B62 /* ImageListPresenterSpy.swift in Sources */,
				84C1939F2ADED6E100DD8B62 /* ProfileViewPresenterSpy.swift in Sources */,
				84C193812ADD68C800DD8B62 /* WebViewTests.swift in Sources */,
				84C1938A2ADD726100DD8B62 /* WebViewViewControllerSpy.swift in Sources */,
				84C193882ADD6F7200DD8B62 /* WebViewPresenterSpy.swift in Sources */,
				84C193A52AE003CB00DD8B62 /* ImageListViewTests.swift in Sources */,
				84C193A12ADEE01B00DD8B62 /* ProfileViewControllerSpy.swift in Sources */,
			);
			runOnlyForDeploymentPostprocessing = 0;
		};
		84C1938B2ADD8E0400DD8B62 /* Sources */ = {
			isa = PBXSourcesBuildPhase;
			buildActionMask = 2147483647;
			files = (
				84C193942ADD8E0400DD8B62 /* ImageFeed_iosUITestsLaunchTests.swift in Sources */,
				84C193922ADD8E0400DD8B62 /* ImageFeed_iosUITests.swift in Sources */,
			);
			runOnlyForDeploymentPostprocessing = 0;
		};
/* End PBXSourcesBuildPhase section */

/* Begin PBXTargetDependency section */
		849469D42AC36F380027C012 /* PBXTargetDependency */ = {
			isa = PBXTargetDependency;
			target = 84911D952A7821F200F18F70 /* ImageFeed-ios */;
			targetProxy = 849469D32AC36F380027C012 /* PBXContainerItemProxy */;
		};
		84C193832ADD68C800DD8B62 /* PBXTargetDependency */ = {
			isa = PBXTargetDependency;
			target = 84911D952A7821F200F18F70 /* ImageFeed-ios */;
			targetProxy = 84C193822ADD68C800DD8B62 /* PBXContainerItemProxy */;
		};
		84C193962ADD8E0400DD8B62 /* PBXTargetDependency */ = {
			isa = PBXTargetDependency;
			target = 84911D952A7821F200F18F70 /* ImageFeed-ios */;
			targetProxy = 84C193952ADD8E0400DD8B62 /* PBXContainerItemProxy */;
		};
/* End PBXTargetDependency section */

/* Begin PBXVariantGroup section */
		84911D9F2A7821F200F18F70 /* Main.storyboard */ = {
			isa = PBXVariantGroup;
			children = (
				84911DA02A7821F200F18F70 /* Base */,
			);
			name = Main.storyboard;
			sourceTree = "<group>";
		};
		84911DA42A7821F400F18F70 /* LaunchScreen.storyboard */ = {
			isa = PBXVariantGroup;
			children = (
				84911DA52A7821F400F18F70 /* Base */,
			);
			name = LaunchScreen.storyboard;
			sourceTree = "<group>";
		};
/* End PBXVariantGroup section */

/* Begin XCBuildConfiguration section */
		84911DA82A7821F400F18F70 /* Debug */ = {
			isa = XCBuildConfiguration;
			buildSettings = {
				ALWAYS_SEARCH_USER_PATHS = NO;
				CLANG_ANALYZER_NONNULL = YES;
				CLANG_ANALYZER_NUMBER_OBJECT_CONVERSION = YES_AGGRESSIVE;
				CLANG_CXX_LANGUAGE_STANDARD = "gnu++20";
				CLANG_ENABLE_MODULES = YES;
				CLANG_ENABLE_OBJC_ARC = YES;
				CLANG_ENABLE_OBJC_WEAK = YES;
				CLANG_WARN_BLOCK_CAPTURE_AUTORELEASING = YES;
				CLANG_WARN_BOOL_CONVERSION = YES;
				CLANG_WARN_COMMA = YES;
				CLANG_WARN_CONSTANT_CONVERSION = YES;
				CLANG_WARN_DEPRECATED_OBJC_IMPLEMENTATIONS = YES;
				CLANG_WARN_DIRECT_OBJC_ISA_USAGE = YES_ERROR;
				CLANG_WARN_DOCUMENTATION_COMMENTS = YES;
				CLANG_WARN_EMPTY_BODY = YES;
				CLANG_WARN_ENUM_CONVERSION = YES;
				CLANG_WARN_INFINITE_RECURSION = YES;
				CLANG_WARN_INT_CONVERSION = YES;
				CLANG_WARN_NON_LITERAL_NULL_CONVERSION = YES;
				CLANG_WARN_OBJC_IMPLICIT_RETAIN_SELF = YES;
				CLANG_WARN_OBJC_LITERAL_CONVERSION = YES;
				CLANG_WARN_OBJC_ROOT_CLASS = YES_ERROR;
				CLANG_WARN_QUOTED_INCLUDE_IN_FRAMEWORK_HEADER = YES;
				CLANG_WARN_RANGE_LOOP_ANALYSIS = YES;
				CLANG_WARN_STRICT_PROTOTYPES = YES;
				CLANG_WARN_SUSPICIOUS_MOVE = YES;
				CLANG_WARN_UNGUARDED_AVAILABILITY = YES_AGGRESSIVE;
				CLANG_WARN_UNREACHABLE_CODE = YES;
				CLANG_WARN__DUPLICATE_METHOD_MATCH = YES;
				COPY_PHASE_STRIP = NO;
				DEBUG_INFORMATION_FORMAT = dwarf;
				ENABLE_STRICT_OBJC_MSGSEND = YES;
				ENABLE_TESTABILITY = YES;
				GCC_C_LANGUAGE_STANDARD = gnu11;
				GCC_DYNAMIC_NO_PIC = NO;
				GCC_NO_COMMON_BLOCKS = YES;
				GCC_OPTIMIZATION_LEVEL = 0;
				GCC_PREPROCESSOR_DEFINITIONS = (
					"DEBUG=1",
					"$(inherited)",
				);
				GCC_WARN_64_TO_32_BIT_CONVERSION = YES;
				GCC_WARN_ABOUT_RETURN_TYPE = YES_ERROR;
				GCC_WARN_UNDECLARED_SELECTOR = YES;
				GCC_WARN_UNINITIALIZED_AUTOS = YES_AGGRESSIVE;
				GCC_WARN_UNUSED_FUNCTION = YES;
				GCC_WARN_UNUSED_VARIABLE = YES;
				INFOPLIST_KEY_UIStatusBarStyle = UIStatusBarStyleLightContent;
				INFOPLIST_KEY_UIUserInterfaceStyle = Light;
				IPHONEOS_DEPLOYMENT_TARGET = 16.4;
				MTL_ENABLE_DEBUG_INFO = INCLUDE_SOURCE;
				MTL_FAST_MATH = YES;
				ONLY_ACTIVE_ARCH = YES;
				SDKROOT = iphoneos;
				SWIFT_ACTIVE_COMPILATION_CONDITIONS = DEBUG;
				SWIFT_OPTIMIZATION_LEVEL = "-Onone";
			};
			name = Debug;
		};
		84911DA92A7821F400F18F70 /* Release */ = {
			isa = XCBuildConfiguration;
			buildSettings = {
				ALWAYS_SEARCH_USER_PATHS = NO;
				CLANG_ANALYZER_NONNULL = YES;
				CLANG_ANALYZER_NUMBER_OBJECT_CONVERSION = YES_AGGRESSIVE;
				CLANG_CXX_LANGUAGE_STANDARD = "gnu++20";
				CLANG_ENABLE_MODULES = YES;
				CLANG_ENABLE_OBJC_ARC = YES;
				CLANG_ENABLE_OBJC_WEAK = YES;
				CLANG_WARN_BLOCK_CAPTURE_AUTORELEASING = YES;
				CLANG_WARN_BOOL_CONVERSION = YES;
				CLANG_WARN_COMMA = YES;
				CLANG_WARN_CONSTANT_CONVERSION = YES;
				CLANG_WARN_DEPRECATED_OBJC_IMPLEMENTATIONS = YES;
				CLANG_WARN_DIRECT_OBJC_ISA_USAGE = YES_ERROR;
				CLANG_WARN_DOCUMENTATION_COMMENTS = YES;
				CLANG_WARN_EMPTY_BODY = YES;
				CLANG_WARN_ENUM_CONVERSION = YES;
				CLANG_WARN_INFINITE_RECURSION = YES;
				CLANG_WARN_INT_CONVERSION = YES;
				CLANG_WARN_NON_LITERAL_NULL_CONVERSION = YES;
				CLANG_WARN_OBJC_IMPLICIT_RETAIN_SELF = YES;
				CLANG_WARN_OBJC_LITERAL_CONVERSION = YES;
				CLANG_WARN_OBJC_ROOT_CLASS = YES_ERROR;
				CLANG_WARN_QUOTED_INCLUDE_IN_FRAMEWORK_HEADER = YES;
				CLANG_WARN_RANGE_LOOP_ANALYSIS = YES;
				CLANG_WARN_STRICT_PROTOTYPES = YES;
				CLANG_WARN_SUSPICIOUS_MOVE = YES;
				CLANG_WARN_UNGUARDED_AVAILABILITY = YES_AGGRESSIVE;
				CLANG_WARN_UNREACHABLE_CODE = YES;
				CLANG_WARN__DUPLICATE_METHOD_MATCH = YES;
				COPY_PHASE_STRIP = NO;
				DEBUG_INFORMATION_FORMAT = "dwarf-with-dsym";
				ENABLE_NS_ASSERTIONS = NO;
				ENABLE_STRICT_OBJC_MSGSEND = YES;
				GCC_C_LANGUAGE_STANDARD = gnu11;
				GCC_NO_COMMON_BLOCKS = YES;
				GCC_WARN_64_TO_32_BIT_CONVERSION = YES;
				GCC_WARN_ABOUT_RETURN_TYPE = YES_ERROR;
				GCC_WARN_UNDECLARED_SELECTOR = YES;
				GCC_WARN_UNINITIALIZED_AUTOS = YES_AGGRESSIVE;
				GCC_WARN_UNUSED_FUNCTION = YES;
				GCC_WARN_UNUSED_VARIABLE = YES;
				INFOPLIST_KEY_UIStatusBarStyle = UIStatusBarStyleLightContent;
				INFOPLIST_KEY_UIUserInterfaceStyle = Light;
				IPHONEOS_DEPLOYMENT_TARGET = 16.4;
				MTL_ENABLE_DEBUG_INFO = NO;
				MTL_FAST_MATH = YES;
				SDKROOT = iphoneos;
				SWIFT_COMPILATION_MODE = wholemodule;
				SWIFT_OPTIMIZATION_LEVEL = "-O";
				VALIDATE_PRODUCT = YES;
			};
			name = Release;
		};
		84911DAB2A7821F400F18F70 /* Debug */ = {
			isa = XCBuildConfiguration;
			buildSettings = {
				ASSETCATALOG_COMPILER_APPICON_NAME = AppIcon;
				ASSETCATALOG_COMPILER_GLOBAL_ACCENT_COLOR_NAME = AccentColor;
				CODE_SIGN_STYLE = Automatic;
				CURRENT_PROJECT_VERSION = 1;
				DEVELOPMENT_TEAM = P5M369VRNM;
				GENERATE_INFOPLIST_FILE = YES;
				INFOPLIST_FILE = "ImageFeed-ios/Resources/Info.plist";
				INFOPLIST_KEY_UIApplicationSupportsIndirectInputEvents = YES;
				INFOPLIST_KEY_UILaunchStoryboardName = LaunchScreen;
				INFOPLIST_KEY_UIMainStoryboardFile = Main;
				INFOPLIST_KEY_UIStatusBarHidden = NO;
				INFOPLIST_KEY_UIStatusBarStyle = UIStatusBarStyleLightContent;
				INFOPLIST_KEY_UISupportedInterfaceOrientations = "UIInterfaceOrientationLandscapeLeft UIInterfaceOrientationLandscapeRight UIInterfaceOrientationPortrait";
				INFOPLIST_KEY_UISupportedInterfaceOrientations_iPhone = UIInterfaceOrientationPortrait;
				IPHONEOS_DEPLOYMENT_TARGET = 13.0;
				LD_RUNPATH_SEARCH_PATHS = (
					"$(inherited)",
					"@executable_path/Frameworks",
				);
				MARKETING_VERSION = 1.0;
				PRODUCT_BUNDLE_IDENTIFIER = "ru.iamjohansson.ImageFeed-ios";
				PRODUCT_NAME = "$(TARGET_NAME)";
				SUPPORTED_PLATFORMS = "iphoneos iphonesimulator";
				SUPPORTS_MACCATALYST = NO;
				SUPPORTS_MAC_DESIGNED_FOR_IPHONE_IPAD = YES;
				SWIFT_EMIT_LOC_STRINGS = YES;
				SWIFT_VERSION = 5.0;
				TARGETED_DEVICE_FAMILY = 1;
			};
			name = Debug;
		};
		84911DAC2A7821F400F18F70 /* Release */ = {
			isa = XCBuildConfiguration;
			buildSettings = {
				ASSETCATALOG_COMPILER_APPICON_NAME = AppIcon;
				ASSETCATALOG_COMPILER_GLOBAL_ACCENT_COLOR_NAME = AccentColor;
				CODE_SIGN_STYLE = Automatic;
				CURRENT_PROJECT_VERSION = 1;
				DEVELOPMENT_TEAM = P5M369VRNM;
				GENERATE_INFOPLIST_FILE = YES;
				INFOPLIST_FILE = "ImageFeed-ios/Resources/Info.plist";
				INFOPLIST_KEY_UIApplicationSupportsIndirectInputEvents = YES;
				INFOPLIST_KEY_UILaunchStoryboardName = LaunchScreen;
				INFOPLIST_KEY_UIMainStoryboardFile = Main;
				INFOPLIST_KEY_UIStatusBarHidden = NO;
				INFOPLIST_KEY_UIStatusBarStyle = UIStatusBarStyleLightContent;
				INFOPLIST_KEY_UISupportedInterfaceOrientations = "UIInterfaceOrientationLandscapeLeft UIInterfaceOrientationLandscapeRight UIInterfaceOrientationPortrait";
				INFOPLIST_KEY_UISupportedInterfaceOrientations_iPhone = UIInterfaceOrientationPortrait;
				IPHONEOS_DEPLOYMENT_TARGET = 13.0;
				LD_RUNPATH_SEARCH_PATHS = (
					"$(inherited)",
					"@executable_path/Frameworks",
				);
				MARKETING_VERSION = 1.0;
				PRODUCT_BUNDLE_IDENTIFIER = "ru.iamjohansson.ImageFeed-ios";
				PRODUCT_NAME = "$(TARGET_NAME)";
				SUPPORTED_PLATFORMS = "iphoneos iphonesimulator";
				SUPPORTS_MACCATALYST = NO;
				SUPPORTS_MAC_DESIGNED_FOR_IPHONE_IPAD = YES;
				SWIFT_EMIT_LOC_STRINGS = YES;
				SWIFT_VERSION = 5.0;
				TARGETED_DEVICE_FAMILY = 1;
			};
			name = Release;
		};
		849469D62AC36F380027C012 /* Debug */ = {
			isa = XCBuildConfiguration;
			buildSettings = {
				BUNDLE_LOADER = "$(TEST_HOST)";
				CODE_SIGN_STYLE = Automatic;
				CURRENT_PROJECT_VERSION = 1;
				DEVELOPMENT_TEAM = P5M369VRNM;
				GENERATE_INFOPLIST_FILE = YES;
				MARKETING_VERSION = 1.0;
				PRODUCT_BUNDLE_IDENTIFIER = "ru.iamjohansson.ImageFeed-iosTests";
				PRODUCT_NAME = "$(TARGET_NAME)";
				SWIFT_EMIT_LOC_STRINGS = NO;
				SWIFT_VERSION = 5.0;
				TARGETED_DEVICE_FAMILY = "1,2";
				TEST_HOST = "$(BUILT_PRODUCTS_DIR)/ImageFeed-ios.app/$(BUNDLE_EXECUTABLE_FOLDER_PATH)/ImageFeed-ios";
			};
			name = Debug;
		};
		849469D72AC36F380027C012 /* Release */ = {
			isa = XCBuildConfiguration;
			buildSettings = {
				BUNDLE_LOADER = "$(TEST_HOST)";
				CODE_SIGN_STYLE = Automatic;
				CURRENT_PROJECT_VERSION = 1;
				DEVELOPMENT_TEAM = P5M369VRNM;
				GENERATE_INFOPLIST_FILE = YES;
				MARKETING_VERSION = 1.0;
				PRODUCT_BUNDLE_IDENTIFIER = "ru.iamjohansson.ImageFeed-iosTests";
				PRODUCT_NAME = "$(TARGET_NAME)";
				SWIFT_EMIT_LOC_STRINGS = NO;
				SWIFT_VERSION = 5.0;
				TARGETED_DEVICE_FAMILY = "1,2";
				TEST_HOST = "$(BUILT_PRODUCTS_DIR)/ImageFeed-ios.app/$(BUNDLE_EXECUTABLE_FOLDER_PATH)/ImageFeed-ios";
			};
			name = Release;
		};
		84C193852ADD68C800DD8B62 /* Debug */ = {
			isa = XCBuildConfiguration;
			buildSettings = {
				BUNDLE_LOADER = "$(TEST_HOST)";
				CODE_SIGN_STYLE = Automatic;
				CURRENT_PROJECT_VERSION = 1;
				DEVELOPMENT_TEAM = P5M369VRNM;
				GENERATE_INFOPLIST_FILE = YES;
				MARKETING_VERSION = 1.0;
				PRODUCT_BUNDLE_IDENTIFIER = "ru.iamjohansson.ImageFeed-iosTests";
				PRODUCT_NAME = "$(TARGET_NAME)";
				SWIFT_EMIT_LOC_STRINGS = NO;
				SWIFT_VERSION = 5.0;
				TARGETED_DEVICE_FAMILY = "1,2";
				TEST_HOST = "$(BUILT_PRODUCTS_DIR)/ImageFeed-ios.app/$(BUNDLE_EXECUTABLE_FOLDER_PATH)/ImageFeed-ios";
			};
			name = Debug;
		};
		84C193862ADD68C800DD8B62 /* Release */ = {
			isa = XCBuildConfiguration;
			buildSettings = {
				BUNDLE_LOADER = "$(TEST_HOST)";
				CODE_SIGN_STYLE = Automatic;
				CURRENT_PROJECT_VERSION = 1;
				DEVELOPMENT_TEAM = P5M369VRNM;
				GENERATE_INFOPLIST_FILE = YES;
				MARKETING_VERSION = 1.0;
				PRODUCT_BUNDLE_IDENTIFIER = "ru.iamjohansson.ImageFeed-iosTests";
				PRODUCT_NAME = "$(TARGET_NAME)";
				SWIFT_EMIT_LOC_STRINGS = NO;
				SWIFT_VERSION = 5.0;
				TARGETED_DEVICE_FAMILY = "1,2";
				TEST_HOST = "$(BUILT_PRODUCTS_DIR)/ImageFeed-ios.app/$(BUNDLE_EXECUTABLE_FOLDER_PATH)/ImageFeed-ios";
			};
			name = Release;
		};
		84C193972ADD8E0400DD8B62 /* Debug */ = {
			isa = XCBuildConfiguration;
			buildSettings = {
				CODE_SIGN_STYLE = Automatic;
				CURRENT_PROJECT_VERSION = 1;
				DEVELOPMENT_TEAM = P5M369VRNM;
				GENERATE_INFOPLIST_FILE = YES;
				MARKETING_VERSION = 1.0;
				PRODUCT_BUNDLE_IDENTIFIER = "ru.iamjohansson.ImageFeed-iosUITests";
				PRODUCT_NAME = "$(TARGET_NAME)";
				SWIFT_EMIT_LOC_STRINGS = NO;
				SWIFT_VERSION = 5.0;
				TARGETED_DEVICE_FAMILY = "1,2";
				TEST_TARGET_NAME = "ImageFeed-ios";
			};
			name = Debug;
		};
		84C193982ADD8E0400DD8B62 /* Release */ = {
			isa = XCBuildConfiguration;
			buildSettings = {
				CODE_SIGN_STYLE = Automatic;
				CURRENT_PROJECT_VERSION = 1;
				DEVELOPMENT_TEAM = P5M369VRNM;
				GENERATE_INFOPLIST_FILE = YES;
				MARKETING_VERSION = 1.0;
				PRODUCT_BUNDLE_IDENTIFIER = "ru.iamjohansson.ImageFeed-iosUITests";
				PRODUCT_NAME = "$(TARGET_NAME)";
				SWIFT_EMIT_LOC_STRINGS = NO;
				SWIFT_VERSION = 5.0;
				TARGETED_DEVICE_FAMILY = "1,2";
				TEST_TARGET_NAME = "ImageFeed-ios";
			};
			name = Release;
		};
/* End XCBuildConfiguration section */

/* Begin XCConfigurationList section */
		84911D912A7821F200F18F70 /* Build configuration list for PBXProject "ImageFeed-ios" */ = {
			isa = XCConfigurationList;
			buildConfigurations = (
				84911DA82A7821F400F18F70 /* Debug */,
				84911DA92A7821F400F18F70 /* Release */,
			);
			defaultConfigurationIsVisible = 0;
			defaultConfigurationName = Release;
		};
		84911DAA2A7821F400F18F70 /* Build configuration list for PBXNativeTarget "ImageFeed-ios" */ = {
			isa = XCConfigurationList;
			buildConfigurations = (
				84911DAB2A7821F400F18F70 /* Debug */,
				84911DAC2A7821F400F18F70 /* Release */,
			);
			defaultConfigurationIsVisible = 0;
			defaultConfigurationName = Release;
		};
		849469D52AC36F380027C012 /* Build configuration list for PBXNativeTarget "ImageFeed-iosTests" */ = {
			isa = XCConfigurationList;
			buildConfigurations = (
				849469D62AC36F380027C012 /* Debug */,
				849469D72AC36F380027C012 /* Release */,
			);
			defaultConfigurationIsVisible = 0;
			defaultConfigurationName = Release;
		};
		84C193842ADD68C800DD8B62 /* Build configuration list for PBXNativeTarget "ImageFeed_iosTests" */ = {
			isa = XCConfigurationList;
			buildConfigurations = (
				84C193852ADD68C800DD8B62 /* Debug */,
				84C193862ADD68C800DD8B62 /* Release */,
			);
			defaultConfigurationIsVisible = 0;
			defaultConfigurationName = Release;
		};
		84C193992ADD8E0400DD8B62 /* Build configuration list for PBXNativeTarget "ImageFeed-iosUITests" */ = {
			isa = XCConfigurationList;
			buildConfigurations = (
				84C193972ADD8E0400DD8B62 /* Debug */,
				84C193982ADD8E0400DD8B62 /* Release */,
			);
			defaultConfigurationIsVisible = 0;
			defaultConfigurationName = Release;
		};
/* End XCConfigurationList section */

/* Begin XCRemoteSwiftPackageReference section */
		849469AD2AB0E61F0027C012 /* XCRemoteSwiftPackageReference "ProgressHUD" */ = {
			isa = XCRemoteSwiftPackageReference;
			repositoryURL = "https://github.com/relatedcode/ProgressHUD";
			requirement = {
				kind = upToNextMajorVersion;
				minimumVersion = 13.0.0;
			};
		};
		849469BE2ABA366C0027C012 /* XCRemoteSwiftPackageReference "Kingfisher" */ = {
			isa = XCRemoteSwiftPackageReference;
			repositoryURL = "https://github.com/onevcat/Kingfisher";
			requirement = {
				kind = upToNextMajorVersion;
				minimumVersion = 7.0.0;
			};
		};
		849469C12ABB619C0027C012 /* XCRemoteSwiftPackageReference "SwiftKeychainWrapper" */ = {
			isa = XCRemoteSwiftPackageReference;
			repositoryURL = "https://github.com/jrendel/SwiftKeychainWrapper";
			requirement = {
				kind = upToNextMajorVersion;
				minimumVersion = 4.0.0;
			};
		};
/* End XCRemoteSwiftPackageReference section */

/* Begin XCSwiftPackageProductDependency section */
		849469AE2AB0E61F0027C012 /* ProgressHUD */ = {
			isa = XCSwiftPackageProductDependency;
			package = 849469AD2AB0E61F0027C012 /* XCRemoteSwiftPackageReference "ProgressHUD" */;
			productName = ProgressHUD;
		};
		849469BF2ABA366D0027C012 /* Kingfisher */ = {
			isa = XCSwiftPackageProductDependency;
			package = 849469BE2ABA366C0027C012 /* XCRemoteSwiftPackageReference "Kingfisher" */;
			productName = Kingfisher;
		};
		849469C22ABB619C0027C012 /* SwiftKeychainWrapper */ = {
			isa = XCSwiftPackageProductDependency;
			package = 849469C12ABB619C0027C012 /* XCRemoteSwiftPackageReference "SwiftKeychainWrapper" */;
			productName = SwiftKeychainWrapper;
		};
/* End XCSwiftPackageProductDependency section */
	};
	rootObject = 84911D8E2A7821F200F18F70 /* Project object */;
}
